
Microsoft Visual Studio Solution File, Format Version 12.00
# Visual Studio Version 17
VisualStudioVersion = 17.4.33122.133
MinimumVisualStudioVersion = 10.0.40219.1
Project("{FAE04EC0-301F-11D3-BF4B-00C04F79EFBC}") = "ProjectGameCS", "ProjectGameCS.csproj", "{5BA1C2E2-E910-433B-B088-427C2C4C4E98}"
EndProject
Global
	GlobalSection(SolutionConfigurationPlatforms) = preSolution
		Debug|Any CPU = Debug|Any CPU
		Release|Any CPU = Release|Any CPU
	EndGlobalSection
	GlobalSection(ProjectConfigurationPlatforms) = postSolution
		{5BA1C2E2-E910-433B-B088-427C2C4C4E98}.Debug|Any CPU.ActiveCfg = Debug|Any CPU
		{5BA1C2E2-E910-433B-B088-427C2C4C4E98}.Debug|Any CPU.Build.0 = Debug|Any CPU
		{5BA1C2E2-E910-433B-B088-427C2C4C4E98}.Release|Any CPU.ActiveCfg = Release|Any CPU
		{5BA1C2E2-E910-433B-B088-427C2C4C4E98}.Release|Any CPU.Build.0 = Release|Any CPU
	EndGlobalSection
	GlobalSection(SolutionProperties) = preSolution
		HideSolutionNode = FALSE
	EndGlobalSection
	GlobalSection(ExtensibilityGlobals) = postSolution
		SolutionGuid = {E5C8A93F-2500-444F-AFB4-7BD1BB3E8DEE}
	EndGlobalSection
EndGlobal
